
#
# CprE 381 Generated Quartus Settings File
#

set_global_assignment -name FAMILY "Cyclone IV E"
set_global_assignment -name DEVICE EP4CE115F29C7
set_global_assignment -name ORIGINAL_QUARTUS_VERSION 21.1.1
set_global_assignment -name PROJECT_CREATION_TIME_DATE "19:07:08  JANUARY 28, 2019"
set_global_assignment -name LAST_QUARTUS_VERSION "21.1.1 Standard Edition"
set_global_assignment -name PROJECT_OUTPUT_DIRECTORY output_files
set_global_assignment -name PARTITION_NETLIST_TYPE SOURCE -section_id Top
set_global_assignment -name PARTITION_FITTER_PRESERVATION_LEVEL PLACEMENT_AND_ROUTING -section_id Top
set_global_assignment -name PARTITION_COLOR 16764057 -section_id Top
set_global_assignment -name TOP_LEVEL_ENTITY MIPS_Processor
set_global_assignment -name VHDL_INPUT_VERSION VHDL_2008
set_global_assignment -name VHDL_FILE "/home/nakotac/Cpre381/Project/cpre381-proj1/cpre381-toolflow/proj/src/ALU/alu.vhd"
set_global_assignment -name VHDL_FILE "/home/nakotac/Cpre381/Project/cpre381-proj1/cpre381-toolflow/proj/src/ALU/alu_control.vhd"
set_global_assignment -name VHDL_FILE "/home/nakotac/Cpre381/Project/cpre381-proj1/cpre381-toolflow/proj/src/Basic Components/Decoder_32.vhd"
set_global_assignment -name VHDL_FILE "/home/nakotac/Cpre381/Project/cpre381-proj1/cpre381-toolflow/proj/src/Basic Components/OnesComp.vhd"
set_global_assignment -name VHDL_FILE "/home/nakotac/Cpre381/Project/cpre381-proj1/cpre381-toolflow/proj/src/Basic Components/Shifter.vhd"
set_global_assignment -name VHDL_FILE "/home/nakotac/Cpre381/Project/cpre381-proj1/cpre381-toolflow/proj/src/Basic Components/extenders.vhd"
set_global_assignment -name VHDL_FILE "/home/nakotac/Cpre381/Project/cpre381-proj1/cpre381-toolflow/proj/src/Basic Components/n-adder.vhd"
set_global_assignment -name VHDL_FILE "/home/nakotac/Cpre381/Project/cpre381-proj1/cpre381-toolflow/proj/src/ControlFlow/control_logic.vhd"
set_global_assignment -name VHDL_FILE "/home/nakotac/Cpre381/Project/cpre381-proj1/cpre381-toolflow/proj/src/FetchLogic/fetch_logic.vhd"
set_global_assignment -name VHDL_FILE "/home/nakotac/Cpre381/Project/cpre381-proj1/cpre381-toolflow/proj/src/MIPS_types.vhd"
set_global_assignment -name VHDL_FILE "/home/nakotac/Cpre381/Project/cpre381-proj1/cpre381-toolflow/proj/src/Muxes/32t1_mux_32.vhd"
set_global_assignment -name VHDL_FILE "/home/nakotac/Cpre381/Project/cpre381-proj1/cpre381-toolflow/proj/src/Muxes/mux2t1.vhd"
set_global_assignment -name VHDL_FILE "/home/nakotac/Cpre381/Project/cpre381-proj1/cpre381-toolflow/proj/src/Muxes/mux2t1_5.vhd"
set_global_assignment -name VHDL_FILE "/home/nakotac/Cpre381/Project/cpre381-proj1/cpre381-toolflow/proj/src/Muxes/mux2t1_N.vhd"
set_global_assignment -name VHDL_FILE "/home/nakotac/Cpre381/Project/cpre381-proj1/cpre381-toolflow/proj/src/Provided Components/adder.vhd"
set_global_assignment -name VHDL_FILE "/home/nakotac/Cpre381/Project/cpre381-proj1/cpre381-toolflow/proj/src/Provided Components/andg2.vhd"
set_global_assignment -name VHDL_FILE "/home/nakotac/Cpre381/Project/cpre381-proj1/cpre381-toolflow/proj/src/Provided Components/dffg.vhd"
set_global_assignment -name VHDL_FILE "/home/nakotac/Cpre381/Project/cpre381-proj1/cpre381-toolflow/proj/src/Provided Components/invg.vhd"
set_global_assignment -name VHDL_FILE "/home/nakotac/Cpre381/Project/cpre381-proj1/cpre381-toolflow/proj/src/Provided Components/org2.vhd"
set_global_assignment -name VHDL_FILE "/home/nakotac/Cpre381/Project/cpre381-proj1/cpre381-toolflow/proj/src/Provided Components/xorg2.vhd"
set_global_assignment -name VHDL_FILE "/home/nakotac/Cpre381/Project/cpre381-proj1/cpre381-toolflow/proj/src/RegFile/n_reg.vhd"
set_global_assignment -name VHDL_FILE "/home/nakotac/Cpre381/Project/cpre381-proj1/cpre381-toolflow/proj/src/RegFile/reg_file.vhd"
set_global_assignment -name VHDL_FILE "/home/nakotac/Cpre381/Project/cpre381-proj1/cpre381-toolflow/proj/src/TopLevel/MIPS_Processor.vhd"
set_global_assignment -name VHDL_FILE "/home/nakotac/Cpre381/Project/cpre381-proj1/cpre381-toolflow/proj/src/TopLevel/mem.vhd"
set_global_assignment -name VHDL_FILE "/home/nakotac/Cpre381/Project/cpre381-proj1/cpre381-toolflow/proj/src/add_sub.vhd"
